
Microsoft Visual Studio Solution File, Format Version 12.00
# Visual Studio Version 17
VisualStudioVersion = 17.4.33103.184
MinimumVisualStudioVersion = 10.0.40219.1
Project("{FAE04EC0-301F-11D3-BF4B-00C04F79EFBC}") = "lotnisko", "lotnisko\lotnisko.csproj", "{1D52713A-95A0-46CC-9DFA-170F24BA462D}"
EndProject
Global
	GlobalSection(SolutionConfigurationPlatforms) = preSolution
		Debug|Any CPU = Debug|Any CPU
		Release|Any CPU = Release|Any CPU
	EndGlobalSection
	GlobalSection(ProjectConfigurationPlatforms) = postSolution
		{1D52713A-95A0-46CC-9DFA-170F24BA462D}.Debug|Any CPU.ActiveCfg = Debug|Any CPU
		{1D52713A-95A0-46CC-9DFA-170F24BA462D}.Debug|Any CPU.Build.0 = Debug|Any CPU
		{1D52713A-95A0-46CC-9DFA-170F24BA462D}.Release|Any CPU.ActiveCfg = Release|Any CPU
		{1D52713A-95A0-46CC-9DFA-170F24BA462D}.Release|Any CPU.Build.0 = Release|Any CPU
	EndGlobalSection
	GlobalSection(SolutionProperties) = preSolution
		HideSolutionNode = FALSE
	EndGlobalSection
	GlobalSection(ExtensibilityGlobals) = postSolution
		SolutionGuid = {011A1016-1097-4E21-820B-4943D828E32A}
	EndGlobalSection
EndGlobal
